
Microsoft Visual Studio Solution File, Format Version 12.00
# Visual Studio 15
VisualStudioVersion = 15.0.28307.438
MinimumVisualStudioVersion = 10.0.40219.1
Project("{FAE04EC0-301F-11D3-BF4B-00C04F79EFBC}") = "FactoryFloor", "FactoryFloor\FactoryFloor.csproj", "{D1E248DB-92BD-4B8C-BEED-63C355FF0ABF}"
EndProject
Project("{FAE04EC0-301F-11D3-BF4B-00C04F79EFBC}") = "FactoryFloor.Test", "FactoryFloor.Test\FactoryFloor.Test.csproj", "{B7231AB1-F621-463C-BFD8-E23E1D4D5533}"
EndProject
Global
	GlobalSection(SolutionConfigurationPlatforms) = preSolution
		Debug|Any CPU = Debug|Any CPU
		Release|Any CPU = Release|Any CPU
	EndGlobalSection
	GlobalSection(ProjectConfigurationPlatforms) = postSolution
		{D1E248DB-92BD-4B8C-BEED-63C355FF0ABF}.Debug|Any CPU.ActiveCfg = Debug|Any CPU
		{D1E248DB-92BD-4B8C-BEED-63C355FF0ABF}.Debug|Any CPU.Build.0 = Debug|Any CPU
		{D1E248DB-92BD-4B8C-BEED-63C355FF0ABF}.Release|Any CPU.ActiveCfg = Release|Any CPU
		{D1E248DB-92BD-4B8C-BEED-63C355FF0ABF}.Release|Any CPU.Build.0 = Release|Any CPU
		{B7231AB1-F621-463C-BFD8-E23E1D4D5533}.Debug|Any CPU.ActiveCfg = Debug|Any CPU
		{B7231AB1-F621-463C-BFD8-E23E1D4D5533}.Debug|Any CPU.Build.0 = Debug|Any CPU
		{B7231AB1-F621-463C-BFD8-E23E1D4D5533}.Release|Any CPU.ActiveCfg = Release|Any CPU
		{B7231AB1-F621-463C-BFD8-E23E1D4D5533}.Release|Any CPU.Build.0 = Release|Any CPU
	EndGlobalSection
	GlobalSection(SolutionProperties) = preSolution
		HideSolutionNode = FALSE
	EndGlobalSection
	GlobalSection(ExtensibilityGlobals) = postSolution
		SolutionGuid = {15A23B97-735E-48E9-843B-0542C79C6C36}
	EndGlobalSection
EndGlobal
